
Microsoft Visual Studio Solution File, Format Version 12.00
# Visual Studio 15
VisualStudioVersion = 15.0.28307.1231
MinimumVisualStudioVersion = 10.0.40219.1
Project("{FAE04EC0-301F-11D3-BF4B-00C04F79EFBC}") = "BTL_MVC", "BTL_MVC\BTL_MVC.csproj", "{CFF1AF03-AEA0-43CB-BFC3-1BEAB3A68DC0}"
EndProject
Global
	GlobalSection(SolutionConfigurationPlatforms) = preSolution
		Debug|Any CPU = Debug|Any CPU
		Release|Any CPU = Release|Any CPU
	EndGlobalSection
	GlobalSection(ProjectConfigurationPlatforms) = postSolution
		{CFF1AF03-AEA0-43CB-BFC3-1BEAB3A68DC0}.Debug|Any CPU.ActiveCfg = Debug|Any CPU
		{CFF1AF03-AEA0-43CB-BFC3-1BEAB3A68DC0}.Debug|Any CPU.Build.0 = Debug|Any CPU
		{CFF1AF03-AEA0-43CB-BFC3-1BEAB3A68DC0}.Release|Any CPU.ActiveCfg = Release|Any CPU
		{CFF1AF03-AEA0-43CB-BFC3-1BEAB3A68DC0}.Release|Any CPU.Build.0 = Release|Any CPU
	EndGlobalSection
	GlobalSection(SolutionProperties) = preSolution
		HideSolutionNode = FALSE
	EndGlobalSection
	GlobalSection(ExtensibilityGlobals) = postSolution
		SolutionGuid = {CD13DA73-5888-435E-BD18-DF82CE54FBEC}
	EndGlobalSection
EndGlobal
